
Microsoft Visual Studio Solution File, Format Version 12.00
Project("{FAE04EC0-301F-11D3-BF4B-00C04F79EFBC}") = "Entities", "Entities\Entities.csproj", "{C62927D1-D65F-4E15-9B37-3F06C2B07EA0}"
EndProject
Project("{2150E333-8FDC-42A3-9474-1A3956D46DE8}") = "1 - Apis", "1 - Apis", "{3C4C1A11-1453-4172-B18C-2C80E39D82DB}"
EndProject
Project("{2150E333-8FDC-42A3-9474-1A3956D46DE8}") = "2 - Domain", "2 - Domain", "{7AE13E42-5FC0-49F8-8B0A-C1AEDA584CC7}"
EndProject
Project("{2150E333-8FDC-42A3-9474-1A3956D46DE8}") = "3 - Infra", "3 - Infra", "{3DDC6A0B-3790-4A3E-A27A-3735C89D1657}"
EndProject
Project("{2150E333-8FDC-42A3-9474-1A3956D46DE8}") = "4 - Entities", "4 - Entities", "{035CF430-B576-4612-BA02-18B2C655D07F}"
EndProject
Project("{2150E333-8FDC-42A3-9474-1A3956D46DE8}") = "5 - Teste", "5 - Teste", "{3AEDC46F-906E-4B2F-9D29-5A8B3672FE5B}"
EndProject
Project("{FAE04EC0-301F-11D3-BF4B-00C04F79EFBC}") = "Infrastruture", "Infrastruture\Infrastruture.csproj", "{DCA67F44-2342-4921-ACDA-3409495587B4}"
EndProject
Project("{FAE04EC0-301F-11D3-BF4B-00C04F79EFBC}") = "Domain", "Domain\Domain.csproj", "{B821DE32-3C55-466D-9040-D8BF2F7C0EFF}"
EndProject
Global
	GlobalSection(SolutionConfigurationPlatforms) = preSolution
		Debug|Any CPU = Debug|Any CPU
		Release|Any CPU = Release|Any CPU
	EndGlobalSection
	GlobalSection(ProjectConfigurationPlatforms) = postSolution
		{C62927D1-D65F-4E15-9B37-3F06C2B07EA0}.Debug|Any CPU.ActiveCfg = Debug|Any CPU
		{C62927D1-D65F-4E15-9B37-3F06C2B07EA0}.Debug|Any CPU.Build.0 = Debug|Any CPU
		{C62927D1-D65F-4E15-9B37-3F06C2B07EA0}.Release|Any CPU.ActiveCfg = Release|Any CPU
		{C62927D1-D65F-4E15-9B37-3F06C2B07EA0}.Release|Any CPU.Build.0 = Release|Any CPU
		{DCA67F44-2342-4921-ACDA-3409495587B4}.Debug|Any CPU.ActiveCfg = Debug|Any CPU
		{DCA67F44-2342-4921-ACDA-3409495587B4}.Debug|Any CPU.Build.0 = Debug|Any CPU
		{DCA67F44-2342-4921-ACDA-3409495587B4}.Release|Any CPU.ActiveCfg = Release|Any CPU
		{DCA67F44-2342-4921-ACDA-3409495587B4}.Release|Any CPU.Build.0 = Release|Any CPU
		{B821DE32-3C55-466D-9040-D8BF2F7C0EFF}.Debug|Any CPU.ActiveCfg = Debug|Any CPU
		{B821DE32-3C55-466D-9040-D8BF2F7C0EFF}.Debug|Any CPU.Build.0 = Debug|Any CPU
		{B821DE32-3C55-466D-9040-D8BF2F7C0EFF}.Release|Any CPU.ActiveCfg = Release|Any CPU
		{B821DE32-3C55-466D-9040-D8BF2F7C0EFF}.Release|Any CPU.Build.0 = Release|Any CPU
	EndGlobalSection
	GlobalSection(NestedProjects) = preSolution
		{C62927D1-D65F-4E15-9B37-3F06C2B07EA0} = {035CF430-B576-4612-BA02-18B2C655D07F}
		{DCA67F44-2342-4921-ACDA-3409495587B4} = {3DDC6A0B-3790-4A3E-A27A-3735C89D1657}
		{B821DE32-3C55-466D-9040-D8BF2F7C0EFF} = {7AE13E42-5FC0-49F8-8B0A-C1AEDA584CC7}
	EndGlobalSection
EndGlobal
